PODS:
  - advance_pdf_viewer2 (1.0.5):
    - Flutter
  - document_scanner_flutter (0.0.1):
    - Flutter
    - WeScan (>= 0.9)
  - edge_detection (1.1.3):
    - Flutter
    - WeScan
  - Flutter (1.0.0)
  - path_provider_foundation (0.0.1):
    - Flutter
    - FlutterMacOS
  - sqflite (0.0.3):
    - Flutter
    - FlutterMacOS
  - WeScan (3.0.0)

DEPENDENCIES:
  - advance_pdf_viewer2 (from `.symlinks/plugins/advance_pdf_viewer2/ios`)
  - document_scanner_flutter (from `.symlinks/plugins/document_scanner_flutter/ios`)
  - edge_detection (from `.symlinks/plugins/edge_detection/ios`)
  - Flutter (from `Flutter`)
  - path_provider_foundation (from `.symlinks/plugins/path_provider_foundation/darwin`)
  - sqflite (from `.symlinks/plugins/sqflite/darwin`)
  - WeScan (from `.symlinks/plugins/edge_detection/ios/WeScan-3.0.0`)

EXTERNAL SOURCES:
  advance_pdf_viewer2:
    :path: ".symlinks/plugins/advance_pdf_viewer2/ios"
  document_scanner_flutter:
    :path: ".symlinks/plugins/document_scanner_flutter/ios"
  edge_detection:
    :path: ".symlinks/plugins/edge_detection/ios"
  Flutter:
    :path: Flutter
  path_provider_foundation:
    :path: ".symlinks/plugins/path_provider_foundation/darwin"
  sqflite:
    :path: ".symlinks/plugins/sqflite/darwin"
  WeScan:
    :path: ".symlinks/plugins/edge_detection/ios/WeScan-3.0.0"

SPEC CHECKSUMS:
  advance_pdf_viewer2: e4df833fc3120011b681eb2fa2fb780a3e85f6c3
  document_scanner_flutter: cbbff63c2e3060e0593729cea2596120b62e794c
  edge_detection: ca7942eecdfb4acb1de11cb9300c42242acb5679
  Flutter: e0871f40cf51350855a761d2e70bf5af5b9b5de7
  path_provider_foundation: 2b6b4c569c0fb62ec74538f866245ac84301af46
  sqflite: 673a0e54cc04b7d6dba8d24fb8095b31c3a99eec
  WeScan: f50277f7304d146d9ebc4ebdc1b587df84dcdd8b

PODFILE CHECKSUM: 1faebed7d2223f4d40fb38e4c94fe1edcd4b670b

COCOAPODS: 1.15.2
